
Microsoft Visual Studio Solution File, Format Version 12.00
# Visual Studio Version 17
VisualStudioVersion = 17.7.34003.232
MinimumVisualStudioVersion = 10.0.40219.1
Project("{FAE04EC0-301F-11D3-BF4B-00C04F79EFBC}") = "M3-01", "M3-01.csproj", "{6E971BC7-94C0-47A0-A505-CAE878028B33}"
EndProject
Global
	GlobalSection(SolutionConfigurationPlatforms) = preSolution
		Debug|Any CPU = Debug|Any CPU
		Release|Any CPU = Release|Any CPU
	EndGlobalSection
	GlobalSection(ProjectConfigurationPlatforms) = postSolution
		{6E971BC7-94C0-47A0-A505-CAE878028B33}.Debug|Any CPU.ActiveCfg = Debug|Any CPU
		{6E971BC7-94C0-47A0-A505-CAE878028B33}.Debug|Any CPU.Build.0 = Debug|Any CPU
		{6E971BC7-94C0-47A0-A505-CAE878028B33}.Release|Any CPU.ActiveCfg = Release|Any CPU
		{6E971BC7-94C0-47A0-A505-CAE878028B33}.Release|Any CPU.Build.0 = Release|Any CPU
	EndGlobalSection
	GlobalSection(SolutionProperties) = preSolution
		HideSolutionNode = FALSE
	EndGlobalSection
	GlobalSection(ExtensibilityGlobals) = postSolution
		SolutionGuid = {AC35E634-B702-4ACB-9317-5083227EC22B}
	EndGlobalSection
EndGlobal
