
Microsoft Visual Studio Solution File, Format Version 12.00
# Visual Studio Version 17
VisualStudioVersion = 17.7.34003.232
MinimumVisualStudioVersion = 10.0.40219.1
Project("{FAE04EC0-301F-11D3-BF4B-00C04F79EFBC}") = "Milestone2", "Milestone2.csproj", "{04DC0FC2-A3A4-4495-AFCF-C7FDA15FEB78}"
EndProject
Global
	GlobalSection(SolutionConfigurationPlatforms) = preSolution
		Debug|Any CPU = Debug|Any CPU
		Release|Any CPU = Release|Any CPU
	EndGlobalSection
	GlobalSection(ProjectConfigurationPlatforms) = postSolution
		{04DC0FC2-A3A4-4495-AFCF-C7FDA15FEB78}.Debug|Any CPU.ActiveCfg = Debug|Any CPU
		{04DC0FC2-A3A4-4495-AFCF-C7FDA15FEB78}.Debug|Any CPU.Build.0 = Debug|Any CPU
		{04DC0FC2-A3A4-4495-AFCF-C7FDA15FEB78}.Release|Any CPU.ActiveCfg = Release|Any CPU
		{04DC0FC2-A3A4-4495-AFCF-C7FDA15FEB78}.Release|Any CPU.Build.0 = Release|Any CPU
	EndGlobalSection
	GlobalSection(SolutionProperties) = preSolution
		HideSolutionNode = FALSE
	EndGlobalSection
	GlobalSection(ExtensibilityGlobals) = postSolution
		SolutionGuid = {8AB510D8-FF9C-4F59-89C6-994C96282F2A}
	EndGlobalSection
EndGlobal
